
Microsoft Visual Studio Solution File, Format Version 12.00
# Visual Studio Version 17
VisualStudioVersion = 17.0.31903.59
MinimumVisualStudioVersion = 10.0.40219.1
Project("{FAE04EC0-301F-11D3-BF4B-00C04F79EFBC}") = "FNA", "FNA\projects\FNA\FNA.csproj", "{6848CA52-8FDF-44F8-BB9E-29EF83039DF0}"
EndProject
Project("{FAE04EC0-301F-11D3-BF4B-00C04F79EFBC}") = "ShaderDisassembler", "ShaderDisassembler\ShaderDisassembler.csproj", "{123A0D5D-C722-4B90-B631-0167418238B7}"
EndProject
Global
	GlobalSection(SolutionConfigurationPlatforms) = preSolution
		Debug|Any CPU = Debug|Any CPU
		Release|Any CPU = Release|Any CPU
	EndGlobalSection
	GlobalSection(SolutionProperties) = preSolution
		HideSolutionNode = FALSE
	EndGlobalSection
	GlobalSection(ProjectConfigurationPlatforms) = postSolution
		{6848CA52-8FDF-44F8-BB9E-29EF83039DF0}.Debug|Any CPU.ActiveCfg = Debug|Any CPU
		{6848CA52-8FDF-44F8-BB9E-29EF83039DF0}.Debug|Any CPU.Build.0 = Debug|Any CPU
		{6848CA52-8FDF-44F8-BB9E-29EF83039DF0}.Release|Any CPU.ActiveCfg = Release|Any CPU
		{6848CA52-8FDF-44F8-BB9E-29EF83039DF0}.Release|Any CPU.Build.0 = Release|Any CPU
		{123A0D5D-C722-4B90-B631-0167418238B7}.Debug|Any CPU.ActiveCfg = Debug|Any CPU
		{123A0D5D-C722-4B90-B631-0167418238B7}.Debug|Any CPU.Build.0 = Debug|Any CPU
		{123A0D5D-C722-4B90-B631-0167418238B7}.Release|Any CPU.ActiveCfg = Release|Any CPU
		{123A0D5D-C722-4B90-B631-0167418238B7}.Release|Any CPU.Build.0 = Release|Any CPU
	EndGlobalSection
EndGlobal
